
Microsoft Visual Studio Solution File, Format Version 12.00
# Visual Studio 15
VisualStudioVersion = 15.0.28010.2016
MinimumVisualStudioVersion = 10.0.40219.1
Project("{FAE04EC0-301F-11D3-BF4B-00C04F79EFBC}") = "Linebot-Demo-CopyCat", "Linebot-Demo-CopyCat\Linebot-Demo-CopyCat.csproj", "{B21E8AA4-A384-4A79-9EEF-A995C1CD3FEC}"
EndProject
Global
	GlobalSection(SolutionConfigurationPlatforms) = preSolution
		Debug|Any CPU = Debug|Any CPU
		Release|Any CPU = Release|Any CPU
	EndGlobalSection
	GlobalSection(ProjectConfigurationPlatforms) = postSolution
		{B21E8AA4-A384-4A79-9EEF-A995C1CD3FEC}.Debug|Any CPU.ActiveCfg = Debug|Any CPU
		{B21E8AA4-A384-4A79-9EEF-A995C1CD3FEC}.Debug|Any CPU.Build.0 = Debug|Any CPU
		{B21E8AA4-A384-4A79-9EEF-A995C1CD3FEC}.Release|Any CPU.ActiveCfg = Release|Any CPU
		{B21E8AA4-A384-4A79-9EEF-A995C1CD3FEC}.Release|Any CPU.Build.0 = Release|Any CPU
	EndGlobalSection
	GlobalSection(SolutionProperties) = preSolution
		HideSolutionNode = FALSE
	EndGlobalSection
	GlobalSection(ExtensibilityGlobals) = postSolution
		SolutionGuid = {725E90BF-1849-4323-846C-BB609E88A793}
	EndGlobalSection
EndGlobal
